<Solution>
  <Project Path="ClasseeAlocacaoDeMemoria/ClasseeAlocacaoDeMemoria.csproj" Id="58454cf4-6c1f-4cea-89b9-447596bd71e6" />
  <Project Path="ClassesEmetodos/ClassesEmetodos.csproj" />
  <Project Path="Metodos/Metodos.csproj" Id="3ebe4959-5294-429d-a6c1-8415b3243973" />
  <Project Path="Objetos/Objetos.csproj" Id="41332658-9a7e-4cbf-bdbf-7431ca0543a8" />
</Solution>
